
Microsoft Visual Studio Solution File, Format Version 12.00
# Visual Studio Version 17
VisualStudioVersion = 17.11.35312.102
MinimumVisualStudioVersion = 10.0.40219.1
Project("{9A19103F-16F7-4668-BE54-9A1E7A4F7556}") = "PeerLandingFE", "PeerLandingFE\PeerLandingFE.csproj", "{A991CA9D-1E19-4CC8-8997-B921B17A481B}"
EndProject
Global
	GlobalSection(SolutionConfigurationPlatforms) = preSolution
		Debug|Any CPU = Debug|Any CPU
		Release|Any CPU = Release|Any CPU
	EndGlobalSection
	GlobalSection(ProjectConfigurationPlatforms) = postSolution
		{A991CA9D-1E19-4CC8-8997-B921B17A481B}.Debug|Any CPU.ActiveCfg = Debug|Any CPU
		{A991CA9D-1E19-4CC8-8997-B921B17A481B}.Debug|Any CPU.Build.0 = Debug|Any CPU
		{A991CA9D-1E19-4CC8-8997-B921B17A481B}.Release|Any CPU.ActiveCfg = Release|Any CPU
		{A991CA9D-1E19-4CC8-8997-B921B17A481B}.Release|Any CPU.Build.0 = Release|Any CPU
	EndGlobalSection
	GlobalSection(SolutionProperties) = preSolution
		HideSolutionNode = FALSE
	EndGlobalSection
	GlobalSection(ExtensibilityGlobals) = postSolution
		SolutionGuid = {CC1BB27D-52B2-4209-9897-F048852E6010}
	EndGlobalSection
EndGlobal
